// !$*UTF8*$!
{
	archiveVersion = 1;
	classes = {
	};
	objectVersion = 56;
	objects = {

/* Begin PBXBuildFile section */
		042EB6A22D540FEA00A0F0A7 /* Vocabulary_DemoApp.swift in Sources */ = {isa = PBXBuildFile; fileRef = 042EB6A12D540FEA00A0F0A7 /* Vocabulary_DemoApp.swift */; };
		042EB6A42D540FEA00A0F0A7 /* ContentView.swift in Sources */ = {isa = PBXBuildFile; fileRef = 042EB6A32D540FEA00A0F0A7 /* ContentView.swift */; };
		042EB6A62D540FED00A0F0A7 /* Assets.xcassets in Resources */ = {isa = PBXBuildFile; fileRef = 042EB6A52D540FED00A0F0A7 /* Assets.xcassets */; };
		042EB6AA2D540FED00A0F0A7 /* Preview Assets.xcassets in Resources */ = {isa = PBXBuildFile; fileRef = 042EB6A92D540FED00A0F0A7 /* Preview Assets.xcassets */; };
		042EB6B42D540FED00A0F0A7 /* Vocabulary_DemoTests.swift in Sources */ = {isa = PBXBuildFile; fileRef = 042EB6B32D540FED00A0F0A7 /* Vocabulary_DemoTests.swift */; };
		042EB6BE2D540FED00A0F0A7 /* Vocabulary_DemoUITests.swift in Sources */ = {isa = PBXBuildFile; fileRef = 042EB6BD2D540FED00A0F0A7 /* Vocabulary_DemoUITests.swift */; };
		042EB6C02D540FED00A0F0A7 /* Vocabulary_DemoUITestsLaunchTests.swift in Sources */ = {isa = PBXBuildFile; fileRef = 042EB6BF2D540FED00A0F0A7 /* Vocabulary_DemoUITestsLaunchTests.swift */; };
/* End PBXBuildFile section */

/* Begin PBXContainerItemProxy section */
		042EB6B02D540FED00A0F0A7 /* PBXContainerItemProxy */ = {
			isa = PBXContainerItemProxy;
			containerPortal = 042EB6962D540FE900A0F0A7 /* Project object */;
			proxyType = 1;
			remoteGlobalIDString = 042EB69D2D540FEA00A0F0A7;
			remoteInfo = "Vocabulary Demo";
		};
		042EB6BA2D540FED00A0F0A7 /* PBXContainerItemProxy */ = {
			isa = PBXContainerItemProxy;
			containerPortal = 042EB6962D540FE900A0F0A7 /* Project object */;
			proxyType = 1;
			remoteGlobalIDString = 042EB69D2D540FEA00A0F0A7;
			remoteInfo = "Vocabulary Demo";
		};
/* End PBXContainerItemProxy section */

/* Begin PBXFileReference section */
		042EB69E2D540FEA00A0F0A7 /* Vocabulary Demo.app */ = {isa = PBXFileReference; explicitFileType = wrapper.application; includeInIndex = 0; path = "Vocabulary Demo.app"; sourceTree = BUILT_PRODUCTS_DIR; };
		042EB6A12D540FEA00A0F0A7 /* Vocabulary_DemoApp.swift */ = {isa = PBXFileReference; lastKnownFileType = sourcecode.swift; path = Vocabulary_DemoApp.swift; sourceTree = "<group>"; };
		042EB6A32D540FEA00A0F0A7 /* ContentView.swift */ = {isa = PBXFileReference; lastKnownFileType = sourcecode.swift; path = ContentView.swift; sourceTree = "<group>"; };
		042EB6A52D540FED00A0F0A7 /* Assets.xcassets */ = {isa = PBXFileReference; lastKnownFileType = folder.assetcatalog; path = Assets.xcassets; sourceTree = "<group>"; };
		042EB6A72D540FED00A0F0A7 /* Vocabulary_Demo.entitlements */ = {isa = PBXFileReference; lastKnownFileType = text.plist.entitlements; path = Vocabulary_Demo.entitlements; sourceTree = "<group>"; };
		042EB6A92D540FED00A0F0A7 /* Preview Assets.xcassets */ = {isa = PBXFileReference; lastKnownFileType = folder.assetcatalog; path = "Preview Assets.xcassets"; sourceTree = "<group>"; };
		042EB6AF2D540FED00A0F0A7 /* Vocabulary DemoTests.xctest */ = {isa = PBXFileReference; explicitFileType = wrapper.cfbundle; includeInIndex = 0; path = "Vocabulary DemoTests.xctest"; sourceTree = BUILT_PRODUCTS_DIR; };
		042EB6B32D540FED00A0F0A7 /* Vocabulary_DemoTests.swift */ = {isa = PBXFileReference; lastKnownFileType = sourcecode.swift; path = Vocabulary_DemoTests.swift; sourceTree = "<group>"; };
		042EB6B92D540FED00A0F0A7 /* Vocabulary DemoUITests.xctest */ = {isa = PBXFileReference; explicitFileType = wrapper.cfbundle; includeInIndex = 0; path = "Vocabulary DemoUITests.xctest"; sourceTree = BUILT_PRODUCTS_DIR; };
		042EB6BD2D540FED00A0F0A7 /* Vocabulary_DemoUITests.swift */ = {isa = PBXFileReference; lastKnownFileType = sourcecode.swift; path = Vocabulary_DemoUITests.swift; sourceTree = "<group>"; };
		042EB6BF2D540FED00A0F0A7 /* Vocabulary_DemoUITestsLaunchTests.swift */ = {isa = PBXFileReference; lastKnownFileType = sourcecode.swift; path = Vocabulary_DemoUITestsLaunchTests.swift; sourceTree = "<group>"; };
/* End PBXFileReference section */

/* Begin PBXFrameworksBuildPhase section */
		042EB69B2D540FEA00A0F0A7 /* Frameworks */ = {
			isa = PBXFrameworksBuildPhase;
			buildActionMask = 2147483647;
			files = (
			);
			runOnlyForDeploymentPostprocessing = 0;
		};
		042EB6AC2D540FED00A0F0A7 /* Frameworks */ = {
			isa = PBXFrameworksBuildPhase;
			buildActionMask = 2147483647;
			files = (
			);
			runOnlyForDeploymentPostprocessing = 0;
		};
		042EB6B62D540FED00A0F0A7 /* Frameworks */ = {
			isa = PBXFrameworksBuildPhase;
			buildActionMask = 2147483647;
			files = (
			);
			runOnlyForDeploymentPostprocessing = 0;
		};
/* End PBXFrameworksBuildPhase section */

/* Begin PBXGroup section */
		042EB6952D540FE900A0F0A7 = {
			isa = PBXGroup;
			children = (
				042EB6A02D540FEA00A0F0A7 /* Vocabulary Demo */,
				042EB6B22D540FED00A0F0A7 /* Vocabulary DemoTests */,
				042EB6BC2D540FED00A0F0A7 /* Vocabulary DemoUITests */,
				042EB69F2D540FEA00A0F0A7 /* Products */,
			);
			sourceTree = "<group>";
		};
		042EB69F2D540FEA00A0F0A7 /* Products */ = {
			isa = PBXGroup;
			children = (
				042EB69E2D540FEA00A0F0A7 /* Vocabulary Demo.app */,
				042EB6AF2D540FED00A0F0A7 /* Vocabulary DemoTests.xctest */,
				042EB6B92D540FED00A0F0A7 /* Vocabulary DemoUITests.xctest */,
			);
			name = Products;
			sourceTree = "<group>";
		};
		042EB6A02D540FEA00A0F0A7 /* Vocabulary Demo */ = {
			isa = PBXGroup;
			children = (
				042EB6CC2D5416F900A0F0A7 /* AppFiles */,
			);
			path = "Vocabulary Demo";
			sourceTree = "<group>";
		};
		042EB6A82D540FED00A0F0A7 /* Preview Content */ = {
			isa = PBXGroup;
			children = (
				042EB6A92D540FED00A0F0A7 /* Preview Assets.xcassets */,
			);
			path = "Preview Content";
			sourceTree = "<group>";
		};
		042EB6B22D540FED00A0F0A7 /* Vocabulary DemoTests */ = {
			isa = PBXGroup;
			children = (
				042EB6B32D540FED00A0F0A7 /* Vocabulary_DemoTests.swift */,
			);
			path = "Vocabulary DemoTests";
			sourceTree = "<group>";
		};
		042EB6BC2D540FED00A0F0A7 /* Vocabulary DemoUITests */ = {
			isa = PBXGroup;
			children = (
				042EB6BD2D540FED00A0F0A7 /* Vocabulary_DemoUITests.swift */,
				042EB6BF2D540FED00A0F0A7 /* Vocabulary_DemoUITestsLaunchTests.swift */,
			);
			path = "Vocabulary DemoUITests";
			sourceTree = "<group>";
		};
		042EB6CC2D5416F900A0F0A7 /* AppFiles */ = {
			isa = PBXGroup;
			children = (
				042EB6A12D540FEA00A0F0A7 /* Vocabulary_DemoApp.swift */,
				042EB6A32D540FEA00A0F0A7 /* ContentView.swift */,
				042EB6A52D540FED00A0F0A7 /* Assets.xcassets */,
				042EB6A72D540FED00A0F0A7 /* Vocabulary_Demo.entitlements */,
				042EB6A82D540FED00A0F0A7 /* Preview Content */,
			);
			path = AppFiles;
			sourceTree = "<group>";
		};
/* End PBXGroup section */

/* Begin PBXNativeTarget section */
		042EB69D2D540FEA00A0F0A7 /* Vocabulary Demo */ = {
			isa = PBXNativeTarget;
			buildConfigurationList = 042EB6C32D540FED00A0F0A7 /* Build configuration list for PBXNativeTarget "Vocabulary Demo" */;
			buildPhases = (
				042EB69A2D540FEA00A0F0A7 /* Sources */,
				042EB69B2D540FEA00A0F0A7 /* Frameworks */,
				042EB69C2D540FEA00A0F0A7 /* Resources */,
			);
			buildRules = (
			);
			dependencies = (
			);
			name = "Vocabulary Demo";
			productName = "Vocabulary Demo";
			productReference = 042EB69E2D540FEA00A0F0A7 /* Vocabulary Demo.app */;
			productType = "com.apple.product-type.application";
		};
		042EB6AE2D540FED00A0F0A7 /* Vocabulary DemoTests */ = {
			isa = PBXNativeTarget;
			buildConfigurationList = 042EB6C62D540FED00A0F0A7 /* Build configuration list for PBXNativeTarget "Vocabulary DemoTests" */;
			buildPhases = (
				042EB6AB2D540FED00A0F0A7 /* Sources */,
				042EB6AC2D540FED00A0F0A7 /* Frameworks */,
				042EB6AD2D540FED00A0F0A7 /* Resources */,
			);
			buildRules = (
			);
			dependencies = (
				042EB6B12D540FED00A0F0A7 /* PBXTargetDependency */,
			);
			name = "Vocabulary DemoTests";
			productName = "Vocabulary DemoTests";
			productReference = 042EB6AF2D540FED00A0F0A7 /* Vocabulary DemoTests.xctest */;
			productType = "com.apple.product-type.bundle.unit-test";
		};
		042EB6B82D540FED00A0F0A7 /* Vocabulary DemoUITests */ = {
			isa = PBXNativeTarget;
			buildConfigurationList = 042EB6C92D540FED00A0F0A7 /* Build configuration list for PBXNativeTarget "Vocabulary DemoUITests" */;
			buildPhases = (
				042EB6B52D540FED00A0F0A7 /* Sources */,
				042EB6B62D540FED00A0F0A7 /* Frameworks */,
				042EB6B72D540FED00A0F0A7 /* Resources */,
			);
			buildRules = (
			);
			dependencies = (
				042EB6BB2D540FED00A0F0A7 /* PBXTargetDependency */,
			);
			name = "Vocabulary DemoUITests";
			productName = "Vocabulary DemoUITests";
			productReference = 042EB6B92D540FED00A0F0A7 /* Vocabulary DemoUITests.xctest */;
			productType = "com.apple.product-type.bundle.ui-testing";
		};
/* End PBXNativeTarget section */

/* Begin PBXProject section */
		042EB6962D540FE900A0F0A7 /* Project object */ = {
			isa = PBXProject;
			attributes = {
				BuildIndependentTargetsInParallel = 1;
				LastSwiftUpdateCheck = 1540;
				LastUpgradeCheck = 1540;
				TargetAttributes = {
					042EB69D2D540FEA00A0F0A7 = {
						CreatedOnToolsVersion = 15.4;
					};
					042EB6AE2D540FED00A0F0A7 = {
						CreatedOnToolsVersion = 15.4;
						TestTargetID = 042EB69D2D540FEA00A0F0A7;
					};
					042EB6B82D540FED00A0F0A7 = {
						CreatedOnToolsVersion = 15.4;
						TestTargetID = 042EB69D2D540FEA00A0F0A7;
					};
				};
			};
			buildConfigurationList = 042EB6992D540FE900A0F0A7 /* Build configuration list for PBXProject "Vocabulary Demo" */;
			compatibilityVersion = "Xcode 14.0";
			developmentRegion = en;
			hasScannedForEncodings = 0;
			knownRegions = (
				en,
				Base,
			);
			mainGroup = 042EB6952D540FE900A0F0A7;
			productRefGroup = 042EB69F2D540FEA00A0F0A7 /* Products */;
			projectDirPath = "";
			projectRoot = "";
			targets = (
				042EB69D2D540FEA00A0F0A7 /* Vocabulary Demo */,
				042EB6AE2D540FED00A0F0A7 /* Vocabulary DemoTests */,
				042EB6B82D540FED00A0F0A7 /* Vocabulary DemoUITests */,
			);
		};
/* End PBXProject section */

/* Begin PBXResourcesBuildPhase section */
		042EB69C2D540FEA00A0F0A7 /* Resources */ = {
			isa = PBXResourcesBuildPhase;
			buildActionMask = 2147483647;
			files = (
				042EB6AA2D540FED00A0F0A7 /* Preview Assets.xcassets in Resources */,
				042EB6A62D540FED00A0F0A7 /* Assets.xcassets in Resources */,
			);
			runOnlyForDeploymentPostprocessing = 0;
		};
		042EB6AD2D540FED00A0F0A7 /* Resources */ = {
			isa = PBXResourcesBuildPhase;
			buildActionMask = 2147483647;
			files = (
			);
			runOnlyForDeploymentPostprocessing = 0;
		};
		042EB6B72D540FED00A0F0A7 /* Resources */ = {
			isa = PBXResourcesBuildPhase;
			buildActionMask = 2147483647;
			files = (
			);
			runOnlyForDeploymentPostprocessing = 0;
		};
/* End PBXResourcesBuildPhase section */

/* Begin PBXSourcesBuildPhase section */
		042EB69A2D540FEA00A0F0A7 /* Sources */ = {
			isa = PBXSourcesBuildPhase;
			buildActionMask = 2147483647;
			files = (
				042EB6A42D540FEA00A0F0A7 /* ContentView.swift in Sources */,
				042EB6A22D540FEA00A0F0A7 /* Vocabulary_DemoApp.swift in Sources */,
			);
			runOnlyForDeploymentPostprocessing = 0;
		};
		042EB6AB2D540FED00A0F0A7 /* Sources */ = {
			isa = PBXSourcesBuildPhase;
			buildActionMask = 2147483647;
			files = (
				042EB6B42D540FED00A0F0A7 /* Vocabulary_DemoTests.swift in Sources */,
			);
			runOnlyForDeploymentPostprocessing = 0;
		};
		042EB6B52D540FED00A0F0A7 /* Sources */ = {
			isa = PBXSourcesBuildPhase;
			buildActionMask = 2147483647;
			files = (
				042EB6BE2D540FED00A0F0A7 /* Vocabulary_DemoUITests.swift in Sources */,
				042EB6C02D540FED00A0F0A7 /* Vocabulary_DemoUITestsLaunchTests.swift in Sources */,
			);
			runOnlyForDeploymentPostprocessing = 0;
		};
/* End PBXSourcesBuildPhase section */

/* Begin PBXTargetDependency section */
		042EB6B12D540FED00A0F0A7 /* PBXTargetDependency */ = {
			isa = PBXTargetDependency;
			target = 042EB69D2D540FEA00A0F0A7 /* Vocabulary Demo */;
			targetProxy = 042EB6B02D540FED00A0F0A7 /* PBXContainerItemProxy */;
		};
		042EB6BB2D540FED00A0F0A7 /* PBXTargetDependency */ = {
			isa = PBXTargetDependency;
			target = 042EB69D2D540FEA00A0F0A7 /* Vocabulary Demo */;
			targetProxy = 042EB6BA2D540FED00A0F0A7 /* PBXContainerItemProxy */;
		};
/* End PBXTargetDependency section */

/* Begin XCBuildConfiguration section */
		042EB6C12D540FED00A0F0A7 /* Debug */ = {
			isa = XCBuildConfiguration;
			buildSettings = {
				ALWAYS_SEARCH_USER_PATHS = NO;
				ASSETCATALOG_COMPILER_GENERATE_SWIFT_ASSET_SYMBOL_EXTENSIONS = YES;
				CLANG_ANALYZER_NONNULL = YES;
				CLANG_ANALYZER_NUMBER_OBJECT_CONVERSION = YES_AGGRESSIVE;
				CLANG_CXX_LANGUAGE_STANDARD = "gnu++20";
				CLANG_ENABLE_MODULES = YES;
				CLANG_ENABLE_OBJC_ARC = YES;
				CLANG_ENABLE_OBJC_WEAK = YES;
				CLANG_WARN_BLOCK_CAPTURE_AUTORELEASING = YES;
				CLANG_WARN_BOOL_CONVERSION = YES;
				CLANG_WARN_COMMA = YES;
				CLANG_WARN_CONSTANT_CONVERSION = YES;
				CLANG_WARN_DEPRECATED_OBJC_IMPLEMENTATIONS = YES;
				CLANG_WARN_DIRECT_OBJC_ISA_USAGE = YES_ERROR;
				CLANG_WARN_DOCUMENTATION_COMMENTS = YES;
				CLANG_WARN_EMPTY_BODY = YES;
				CLANG_WARN_ENUM_CONVERSION = YES;
				CLANG_WARN_INFINITE_RECURSION = YES;
				CLANG_WARN_INT_CONVERSION = YES;
				CLANG_WARN_NON_LITERAL_NULL_CONVERSION = YES;
				CLANG_WARN_OBJC_IMPLICIT_RETAIN_SELF = YES;
				CLANG_WARN_OBJC_LITERAL_CONVERSION = YES;
				CLANG_WARN_OBJC_ROOT_CLASS = YES_ERROR;
				CLANG_WARN_QUOTED_INCLUDE_IN_FRAMEWORK_HEADER = YES;
				CLANG_WARN_RANGE_LOOP_ANALYSIS = YES;
				CLANG_WARN_STRICT_PROTOTYPES = YES;
				CLANG_WARN_SUSPICIOUS_MOVE = YES;
				CLANG_WARN_UNGUARDED_AVAILABILITY = YES_AGGRESSIVE;
				CLANG_WARN_UNREACHABLE_CODE = YES;
				CLANG_WARN__DUPLICATE_METHOD_MATCH = YES;
				COPY_PHASE_STRIP = NO;
				DEBUG_INFORMATION_FORMAT = dwarf;
				ENABLE_STRICT_OBJC_MSGSEND = YES;
				ENABLE_TESTABILITY = YES;
				ENABLE_USER_SCRIPT_SANDBOXING = YES;
				GCC_C_LANGUAGE_STANDARD = gnu17;
				GCC_DYNAMIC_NO_PIC = NO;
				GCC_NO_COMMON_BLOCKS = YES;
				GCC_OPTIMIZATION_LEVEL = 0;
				GCC_PREPROCESSOR_DEFINITIONS = (
					"DEBUG=1",
					"$(inherited)",
				);
				GCC_WARN_64_TO_32_BIT_CONVERSION = YES;
				GCC_WARN_ABOUT_RETURN_TYPE = YES_ERROR;
				GCC_WARN_UNDECLARED_SELECTOR = YES;
				GCC_WARN_UNINITIALIZED_AUTOS = YES_AGGRESSIVE;
				GCC_WARN_UNUSED_FUNCTION = YES;
				GCC_WARN_UNUSED_VARIABLE = YES;
				LOCALIZATION_PREFERS_STRING_CATALOGS = YES;
				MTL_ENABLE_DEBUG_INFO = INCLUDE_SOURCE;
				MTL_FAST_MATH = YES;
				ONLY_ACTIVE_ARCH = YES;
				SWIFT_ACTIVE_COMPILATION_CONDITIONS = "DEBUG $(inherited)";
				SWIFT_OPTIMIZATION_LEVEL = "-Onone";
			};
			name = Debug;
		};
		042EB6C22D540FED00A0F0A7 /* Release */ = {
			isa = XCBuildConfiguration;
			buildSettings = {
				ALWAYS_SEARCH_USER_PATHS = NO;
				ASSETCATALOG_COMPILER_GENERATE_SWIFT_ASSET_SYMBOL_EXTENSIONS = YES;
				CLANG_ANALYZER_NONNULL = YES;
				CLANG_ANALYZER_NUMBER_OBJECT_CONVERSION = YES_AGGRESSIVE;
				CLANG_CXX_LANGUAGE_STANDARD = "gnu++20";
				CLANG_ENABLE_MODULES = YES;
				CLANG_ENABLE_OBJC_ARC = YES;
				CLANG_ENABLE_OBJC_WEAK = YES;
				CLANG_WARN_BLOCK_CAPTURE_AUTORELEASING = YES;
				CLANG_WARN_BOOL_CONVERSION = YES;
				CLANG_WARN_COMMA = YES;
				CLANG_WARN_CONSTANT_CONVERSION = YES;
				CLANG_WARN_DEPRECATED_OBJC_IMPLEMENTATIONS = YES;
				CLANG_WARN_DIRECT_OBJC_ISA_USAGE = YES_ERROR;
				CLANG_WARN_DOCUMENTATION_COMMENTS = YES;
				CLANG_WARN_EMPTY_BODY = YES;
				CLANG_WARN_ENUM_CONVERSION = YES;
				CLANG_WARN_INFINITE_RECURSION = YES;
				CLANG_WARN_INT_CONVERSION = YES;
				CLANG_WARN_NON_LITERAL_NULL_CONVERSION = YES;
				CLANG_WARN_OBJC_IMPLICIT_RETAIN_SELF = YES;
				CLANG_WARN_OBJC_LITERAL_CONVERSION = YES;
				CLANG_WARN_OBJC_ROOT_CLASS = YES_ERROR;
				CLANG_WARN_QUOTED_INCLUDE_IN_FRAMEWORK_HEADER = YES;
				CLANG_WARN_RANGE_LOOP_ANALYSIS = YES;
				CLANG_WARN_STRICT_PROTOTYPES = YES;
				CLANG_WARN_SUSPICIOUS_MOVE = YES;
				CLANG_WARN_UNGUARDED_AVAILABILITY = YES_AGGRESSIVE;
				CLANG_WARN_UNREACHABLE_CODE = YES;
				CLANG_WARN__DUPLICATE_METHOD_MATCH = YES;
				COPY_PHASE_STRIP = NO;
				DEBUG_INFORMATION_FORMAT = "dwarf-with-dsym";
				ENABLE_NS_ASSERTIONS = NO;
				ENABLE_STRICT_OBJC_MSGSEND = YES;
				ENABLE_USER_SCRIPT_SANDBOXING = YES;
				GCC_C_LANGUAGE_STANDARD = gnu17;
				GCC_NO_COMMON_BLOCKS = YES;
				GCC_WARN_64_TO_32_BIT_CONVERSION = YES;
				GCC_WARN_ABOUT_RETURN_TYPE = YES_ERROR;
				GCC_WARN_UNDECLARED_SELECTOR = YES;
				GCC_WARN_UNINITIALIZED_AUTOS = YES_AGGRESSIVE;
				GCC_WARN_UNUSED_FUNCTION = YES;
				GCC_WARN_UNUSED_VARIABLE = YES;
				LOCALIZATION_PREFERS_STRING_CATALOGS = YES;
				MTL_ENABLE_DEBUG_INFO = NO;
				MTL_FAST_MATH = YES;
				SWIFT_COMPILATION_MODE = wholemodule;
			};
			name = Release;
		};
		042EB6C42D540FED00A0F0A7 /* Debug */ = {
			isa = XCBuildConfiguration;
			buildSettings = {
				ASSETCATALOG_COMPILER_APPICON_NAME = AppIcon;
				ASSETCATALOG_COMPILER_GLOBAL_ACCENT_COLOR_NAME = AccentColor;
				CODE_SIGN_ENTITLEMENTS = "Vocabulary Demo/AppFiles/Vocabulary_Demo.entitlements";
				CODE_SIGN_STYLE = Automatic;
				CURRENT_PROJECT_VERSION = 1;
				DEVELOPMENT_ASSET_PATHS = "\"Vocabulary Demo/AppFiles/Preview Content\"";
				DEVELOPMENT_TEAM = FMYX9S9BQ2;
				ENABLE_HARDENED_RUNTIME = YES;
				ENABLE_PREVIEWS = YES;
				GENERATE_INFOPLIST_FILE = YES;
				"INFOPLIST_KEY_UIApplicationSceneManifest_Generation[sdk=iphoneos*]" = YES;
				"INFOPLIST_KEY_UIApplicationSceneManifest_Generation[sdk=iphonesimulator*]" = YES;
				"INFOPLIST_KEY_UIApplicationSupportsIndirectInputEvents[sdk=iphoneos*]" = YES;
				"INFOPLIST_KEY_UIApplicationSupportsIndirectInputEvents[sdk=iphonesimulator*]" = YES;
				"INFOPLIST_KEY_UILaunchScreen_Generation[sdk=iphoneos*]" = YES;
				"INFOPLIST_KEY_UILaunchScreen_Generation[sdk=iphonesimulator*]" = YES;
				"INFOPLIST_KEY_UIStatusBarStyle[sdk=iphoneos*]" = UIStatusBarStyleDefault;
				"INFOPLIST_KEY_UIStatusBarStyle[sdk=iphonesimulator*]" = UIStatusBarStyleDefault;
				INFOPLIST_KEY_UISupportedInterfaceOrientations_iPad = "UIInterfaceOrientationPortrait UIInterfaceOrientationPortraitUpsideDown UIInterfaceOrientationLandscapeLeft UIInterfaceOrientationLandscapeRight";
				INFOPLIST_KEY_UISupportedInterfaceOrientations_iPhone = "UIInterfaceOrientationPortrait UIInterfaceOrientationLandscapeLeft UIInterfaceOrientationLandscapeRight";
				IPHONEOS_DEPLOYMENT_TARGET = 17.5;
				LD_RUNPATH_SEARCH_PATHS = "@executable_path/Frameworks";
				"LD_RUNPATH_SEARCH_PATHS[sdk=macosx*]" = "@executable_path/../Frameworks";
				MACOSX_DEPLOYMENT_TARGET = 14.1;
				MARKETING_VERSION = 1.0;
				PRODUCT_BUNDLE_IDENTIFIER = "any.Vocabulary-Demo";
				PRODUCT_NAME = "$(TARGET_NAME)";
				SDKROOT = auto;
				SUPPORTED_PLATFORMS = "iphoneos iphonesimulator";
				SUPPORTS_MACCATALYST = NO;
				SWIFT_EMIT_LOC_STRINGS = YES;
				SWIFT_VERSION = 5.0;
				TARGETED_DEVICE_FAMILY = "1,2";
			};
			name = Debug;
		};
		042EB6C52D540FED00A0F0A7 /* Release */ = {
			isa = XCBuildConfiguration;
			buildSettings = {
				ASSETCATALOG_COMPILER_APPICON_NAME = AppIcon;
				ASSETCATALOG_COMPILER_GLOBAL_ACCENT_COLOR_NAME = AccentColor;
				CODE_SIGN_ENTITLEMENTS = "Vocabulary Demo/AppFiles/Vocabulary_Demo.entitlements";
				CODE_SIGN_STYLE = Automatic;
				CURRENT_PROJECT_VERSION = 1;
				DEVELOPMENT_ASSET_PATHS = "\"Vocabulary Demo/AppFiles/Preview Content\"";
				DEVELOPMENT_TEAM = FMYX9S9BQ2;
				ENABLE_HARDENED_RUNTIME = YES;
				ENABLE_PREVIEWS = YES;
				GENERATE_INFOPLIST_FILE = YES;
				"INFOPLIST_KEY_UIApplicationSceneManifest_Generation[sdk=iphoneos*]" = YES;
				"INFOPLIST_KEY_UIApplicationSceneManifest_Generation[sdk=iphonesimulator*]" = YES;
				"INFOPLIST_KEY_UIApplicationSupportsIndirectInputEvents[sdk=iphoneos*]" = YES;
				"INFOPLIST_KEY_UIApplicationSupportsIndirectInputEvents[sdk=iphonesimulator*]" = YES;
				"INFOPLIST_KEY_UILaunchScreen_Generation[sdk=iphoneos*]" = YES;
				"INFOPLIST_KEY_UILaunchScreen_Generation[sdk=iphonesimulator*]" = YES;
				"INFOPLIST_KEY_UIStatusBarStyle[sdk=iphoneos*]" = UIStatusBarStyleDefault;
				"INFOPLIST_KEY_UIStatusBarStyle[sdk=iphonesimulator*]" = UIStatusBarStyleDefault;
				INFOPLIST_KEY_UISupportedInterfaceOrientations_iPad = "UIInterfaceOrientationPortrait UIInterfaceOrientationPortraitUpsideDown UIInterfaceOrientationLandscapeLeft UIInterfaceOrientationLandscapeRight";
				INFOPLIST_KEY_UISupportedInterfaceOrientations_iPhone = "UIInterfaceOrientationPortrait UIInterfaceOrientationLandscapeLeft UIInterfaceOrientationLandscapeRight";
				IPHONEOS_DEPLOYMENT_TARGET = 17.5;
				LD_RUNPATH_SEARCH_PATHS = "@executable_path/Frameworks";
				"LD_RUNPATH_SEARCH_PATHS[sdk=macosx*]" = "@executable_path/../Frameworks";
				MACOSX_DEPLOYMENT_TARGET = 14.1;
				MARKETING_VERSION = 1.0;
				PRODUCT_BUNDLE_IDENTIFIER = "any.Vocabulary-Demo";
				PRODUCT_NAME = "$(TARGET_NAME)";
				SDKROOT = auto;
				SUPPORTED_PLATFORMS = "iphoneos iphonesimulator";
				SUPPORTS_MACCATALYST = NO;
				SWIFT_EMIT_LOC_STRINGS = YES;
				SWIFT_VERSION = 5.0;
				TARGETED_DEVICE_FAMILY = "1,2";
			};
			name = Release;
		};
		042EB6C72D540FED00A0F0A7 /* Debug */ = {
			isa = XCBuildConfiguration;
			buildSettings = {
				ALWAYS_EMBED_SWIFT_STANDARD_LIBRARIES = YES;
				BUNDLE_LOADER = "$(TEST_HOST)";
				CODE_SIGN_STYLE = Automatic;
				CURRENT_PROJECT_VERSION = 1;
				DEVELOPMENT_TEAM = FMYX9S9BQ2;
				GENERATE_INFOPLIST_FILE = YES;
				IPHONEOS_DEPLOYMENT_TARGET = 17.5;
				MACOSX_DEPLOYMENT_TARGET = 14.1;
				MARKETING_VERSION = 1.0;
				PRODUCT_BUNDLE_IDENTIFIER = "any.Vocabulary-DemoTests";
				PRODUCT_NAME = "$(TARGET_NAME)";
				SDKROOT = auto;
				SUPPORTED_PLATFORMS = "iphoneos iphonesimulator macosx";
				SWIFT_EMIT_LOC_STRINGS = NO;
				SWIFT_VERSION = 5.0;
				TARGETED_DEVICE_FAMILY = "1,2";
				TEST_HOST = "$(BUILT_PRODUCTS_DIR)/Vocabulary Demo.app/$(BUNDLE_EXECUTABLE_FOLDER_PATH)/Vocabulary Demo";
			};
			name = Debug;
		};
		042EB6C82D540FED00A0F0A7 /* Release */ = {
			isa = XCBuildConfiguration;
			buildSettings = {
				ALWAYS_EMBED_SWIFT_STANDARD_LIBRARIES = YES;
				BUNDLE_LOADER = "$(TEST_HOST)";
				CODE_SIGN_STYLE = Automatic;
				CURRENT_PROJECT_VERSION = 1;
				DEVELOPMENT_TEAM = FMYX9S9BQ2;
				GENERATE_INFOPLIST_FILE = YES;
				IPHONEOS_DEPLOYMENT_TARGET = 17.5;
				MACOSX_DEPLOYMENT_TARGET = 14.1;
				MARKETING_VERSION = 1.0;
				PRODUCT_BUNDLE_IDENTIFIER = "any.Vocabulary-DemoTests";
				PRODUCT_NAME = "$(TARGET_NAME)";
				SDKROOT = auto;
				SUPPORTED_PLATFORMS = "iphoneos iphonesimulator macosx";
				SWIFT_EMIT_LOC_STRINGS = NO;
				SWIFT_VERSION = 5.0;
				TARGETED_DEVICE_FAMILY = "1,2";
				TEST_HOST = "$(BUILT_PRODUCTS_DIR)/Vocabulary Demo.app/$(BUNDLE_EXECUTABLE_FOLDER_PATH)/Vocabulary Demo";
			};
			name = Release;
		};
		042EB6CA2D540FED00A0F0A7 /* Debug */ = {
			isa = XCBuildConfiguration;
			buildSettings = {
				ALWAYS_EMBED_SWIFT_STANDARD_LIBRARIES = YES;
				CODE_SIGN_STYLE = Automatic;
				CURRENT_PROJECT_VERSION = 1;
				DEVELOPMENT_TEAM = FMYX9S9BQ2;
				GENERATE_INFOPLIST_FILE = YES;
				IPHONEOS_DEPLOYMENT_TARGET = 17.5;
				MACOSX_DEPLOYMENT_TARGET = 14.1;
				MARKETING_VERSION = 1.0;
				PRODUCT_BUNDLE_IDENTIFIER = "any.Vocabulary-DemoUITests";
				PRODUCT_NAME = "$(TARGET_NAME)";
				SDKROOT = auto;
				SUPPORTED_PLATFORMS = "iphoneos iphonesimulator macosx";
				SWIFT_EMIT_LOC_STRINGS = NO;
				SWIFT_VERSION = 5.0;
				TARGETED_DEVICE_FAMILY = "1,2";
				TEST_TARGET_NAME = "Vocabulary Demo";
			};
			name = Debug;
		};
		042EB6CB2D540FED00A0F0A7 /* Release */ = {
			isa = XCBuildConfiguration;
			buildSettings = {
				ALWAYS_EMBED_SWIFT_STANDARD_LIBRARIES = YES;
				CODE_SIGN_STYLE = Automatic;
				CURRENT_PROJECT_VERSION = 1;
				DEVELOPMENT_TEAM = FMYX9S9BQ2;
				GENERATE_INFOPLIST_FILE = YES;
				IPHONEOS_DEPLOYMENT_TARGET = 17.5;
				MACOSX_DEPLOYMENT_TARGET = 14.1;
				MARKETING_VERSION = 1.0;
				PRODUCT_BUNDLE_IDENTIFIER = "any.Vocabulary-DemoUITests";
				PRODUCT_NAME = "$(TARGET_NAME)";
				SDKROOT = auto;
				SUPPORTED_PLATFORMS = "iphoneos iphonesimulator macosx";
				SWIFT_EMIT_LOC_STRINGS = NO;
				SWIFT_VERSION = 5.0;
				TARGETED_DEVICE_FAMILY = "1,2";
				TEST_TARGET_NAME = "Vocabulary Demo";
			};
			name = Release;
		};
/* End XCBuildConfiguration section */

/* Begin XCConfigurationList section */
		042EB6992D540FE900A0F0A7 /* Build configuration list for PBXProject "Vocabulary Demo" */ = {
			isa = XCConfigurationList;
			buildConfigurations = (
				042EB6C12D540FED00A0F0A7 /* Debug */,
				042EB6C22D540FED00A0F0A7 /* Release */,
			);
			defaultConfigurationIsVisible = 0;
			defaultConfigurationName = Release;
		};
		042EB6C32D540FED00A0F0A7 /* Build configuration list for PBXNativeTarget "Vocabulary Demo" */ = {
			isa = XCConfigurationList;
			buildConfigurations = (
				042EB6C42D540FED00A0F0A7 /* Debug */,
				042EB6C52D540FED00A0F0A7 /* Release */,
			);
			defaultConfigurationIsVisible = 0;
			defaultConfigurationName = Release;
		};
		042EB6C62D540FED00A0F0A7 /* Build configuration list for PBXNativeTarget "Vocabulary DemoTests" */ = {
			isa = XCConfigurationList;
			buildConfigurations = (
				042EB6C72D540FED00A0F0A7 /* Debug */,
				042EB6C82D540FED00A0F0A7 /* Release */,
			);
			defaultConfigurationIsVisible = 0;
			defaultConfigurationName = Release;
		};
		042EB6C92D540FED00A0F0A7 /* Build configuration list for PBXNativeTarget "Vocabulary DemoUITests" */ = {
			isa = XCConfigurationList;
			buildConfigurations = (
				042EB6CA2D540FED00A0F0A7 /* Debug */,
				042EB6CB2D540FED00A0F0A7 /* Release */,
			);
			defaultConfigurationIsVisible = 0;
			defaultConfigurationName = Release;
		};
/* End XCConfigurationList section */
	};
	rootObject = 042EB6962D540FE900A0F0A7 /* Project object */;
}
